{
  "name": "worldhax",
  "version": "1.0.0",
  "lockfileVersion": 2,
  "requires": true,
  "packages": {
    "": {
      "name": "worldhax",
      "version": "1.0.0",
      "license": "ISC",
      "dependencies": {
        "await-to-js": "^3.0.0",
        "hexyjs": "^2.1.4",
        "jsmeow": "^1.0.9",
        "lodash": "^4.17.21"
      }
    },
    "node_modules/await-to-js": {
      "version": "3.0.0",
      "resolved": "https://registry.npmjs.org/await-to-js/-/await-to-js-3.0.0.tgz",
      "integrity": "sha512-zJAaP9zxTcvTHRlejau3ZOY4V7SRpiByf3/dxx2uyKxxor19tpmpV2QRsTKikckwhaPmr2dVpxxMr7jOCYVp5g==",
      "engines": {
        "node": ">=6.0.0"
      }
    },
    "node_modules/hexyjs": {
      "version": "2.1.4",
      "resolved": "https://registry.npmjs.org/hexyjs/-/hexyjs-2.1.4.tgz",
      "integrity": "sha512-xv4pjwHoOauMxpPMSyDK+b5sIQ9aBRDtoDJjxf5WBYIDc2NYRtp3Q5LBdXuZ245XzISmzuon0P7XznmttSH7LA=="
    },
    "node_modules/jsmeow": {
      "version": "1.0.9",
      "resolved": "https://registry.npmjs.org/jsmeow/-/jsmeow-1.0.9.tgz",
      "integrity": "sha512-RP5bqih7mk3UY7xf+0CFFOM1sgRMkbxH3dPHHkLDoJl2Zrw8Hnc70rX6esY+qNF8J5n4Sh6BModfWCM0EzRRQg==",
      "cpu": [
        "x64"
      ],
      "hasInstallScript": true,
      "os": [
        "win32"
      ],
      "dependencies": {
        "node-addon-api": "^4.3.0",
        "structron-v2": "1.0.3"
      },
      "engines": {
        "node": ">=16.14.0"
      }
    },
    "node_modules/lodash": {
      "version": "4.17.21",
      "resolved": "https://registry.npmjs.org/lodash/-/lodash-4.17.21.tgz",
      "integrity": "sha512-v2kDEe57lecTulaDIuNTPy3Ry4gLGJ6Z1O3vE1krgXZNrsQ+LFTGHVxVjcXPs17LhbZVGedAJv8XZ1tvj5FvSg=="
    },
    "node_modules/node-addon-api": {
      "version": "4.3.0",
      "resolved": "https://registry.npmjs.org/node-addon-api/-/node-addon-api-4.3.0.tgz",
      "integrity": "sha512-73sE9+3UaLYYFmDsFZnqCInzPyh3MqIwZO9cw58yIqAZhONrrabrYyYe3TuIqtIiOuTXVhsGau8hcrhhwSsDIQ=="
    },
    "node_modules/structron-v2": {
      "version": "1.0.3",
      "resolved": "https://registry.npmjs.org/structron-v2/-/structron-v2-1.0.3.tgz",
      "integrity": "sha512-EbwYw4KAdLC61AwgvPsldNbHHc4DK+FzksNSnKnbKsmfA06pa3lgsmRGEErTcvRMdKmSGQLR48OL4E1LmmRYSQ=="
    }
  },
  "dependencies": {
    "await-to-js": {
      "version": "3.0.0",
      "resolved": "https://registry.npmjs.org/await-to-js/-/await-to-js-3.0.0.tgz",
      "integrity": "sha512-zJAaP9zxTcvTHRlejau3ZOY4V7SRpiByf3/dxx2uyKxxor19tpmpV2QRsTKikckwhaPmr2dVpxxMr7jOCYVp5g=="
    },
    "hexyjs": {
      "version": "2.1.4",
      "resolved": "https://registry.npmjs.org/hexyjs/-/hexyjs-2.1.4.tgz",
      "integrity": "sha512-xv4pjwHoOauMxpPMSyDK+b5sIQ9aBRDtoDJjxf5WBYIDc2NYRtp3Q5LBdXuZ245XzISmzuon0P7XznmttSH7LA=="
    },
    "jsmeow": {
      "version": "1.0.9",
      "resolved": "https://registry.npmjs.org/jsmeow/-/jsmeow-1.0.9.tgz",
      "integrity": "sha512-RP5bqih7mk3UY7xf+0CFFOM1sgRMkbxH3dPHHkLDoJl2Zrw8Hnc70rX6esY+qNF8J5n4Sh6BModfWCM0EzRRQg==",
      "requires": {
        "node-addon-api": "^4.3.0",
        "structron-v2": "1.0.3"
      }
    },
    "lodash": {
      "version": "4.17.21",
      "resolved": "https://registry.npmjs.org/lodash/-/lodash-4.17.21.tgz",
      "integrity": "sha512-v2kDEe57lecTulaDIuNTPy3Ry4gLGJ6Z1O3vE1krgXZNrsQ+LFTGHVxVjcXPs17LhbZVGedAJv8XZ1tvj5FvSg=="
    },
    "node-addon-api": {
      "version": "4.3.0",
      "resolved": "https://registry.npmjs.org/node-addon-api/-/node-addon-api-4.3.0.tgz",
      "integrity": "sha512-73sE9+3UaLYYFmDsFZnqCInzPyh3MqIwZO9cw58yIqAZhONrrabrYyYe3TuIqtIiOuTXVhsGau8hcrhhwSsDIQ=="
    },
    "structron-v2": {
      "version": "1.0.3",
      "resolved": "https://registry.npmjs.org/structron-v2/-/structron-v2-1.0.3.tgz",
      "integrity": "sha512-EbwYw4KAdLC61AwgvPsldNbHHc4DK+FzksNSnKnbKsmfA06pa3lgsmRGEErTcvRMdKmSGQLR48OL4E1LmmRYSQ=="
    }
  }
}
